# This file is generated by running "yarn install" inside your project.
# Manual changes might be lost - proceed with caution!

__metadata:
  version: 8
  cacheKey: 10c0

"asynckit@npm:^0.4.0":
  version: 0.4.0
  resolution: "asynckit@npm:0.4.0"
  checksum: 10c0/d73e2ddf20c4eb9337e1b3df1a0f6159481050a5de457c55b14ea2e5cb6d90bb69e004c9af54737a5ee0917fcf2c9e25de67777bbe58261847846066ba75bc9d
  languageName: node
  linkType: hard

"axios@npm:^1.6.7":
  version: 1.6.7
  resolution: "axios@npm:1.6.7"
  dependencies:
    follow-redirects: "npm:^1.15.4"
    form-data: "npm:^4.0.0"
    proxy-from-env: "npm:^1.1.0"
  checksum: 10c0/131bf8e62eee48ca4bd84e6101f211961bf6a21a33b95e5dfb3983d5a2fe50d9fffde0b57668d7ce6f65063d3dc10f2212cbcb554f75cfca99da1c73b210358d
  languageName: node
  linkType: hard

"combined-stream@npm:^1.0.8":
  version: 1.0.8
  resolution: "combined-stream@npm:1.0.8"
  dependencies:
    delayed-stream: "npm:~1.0.0"
  checksum: 10c0/0dbb829577e1b1e839fa82b40c07ffaf7de8a09b935cadd355a73652ae70a88b4320db322f6634a4ad93424292fa80973ac6480986247f1734a1137debf271d5
  languageName: node
  linkType: hard

"delayed-stream@npm:~1.0.0":
  version: 1.0.0
  resolution: "delayed-stream@npm:1.0.0"
  checksum: 10c0/d758899da03392e6712f042bec80aa293bbe9e9ff1b2634baae6a360113e708b91326594c8a486d475c69d6259afb7efacdc3537bfcda1c6c648e390ce601b19
  languageName: node
  linkType: hard

"e_commerce_store@workspace:.":
  version: 0.0.0-use.local
  resolution: "e_commerce_store@workspace:."
  dependencies:
    axios: "npm:^1.6.7"
    lodash: "npm:^4.17.21"
    postcss-import: "npm:^15.1.0"
  languageName: unknown
  linkType: soft

"follow-redirects@npm:^1.15.4":
  version: 1.15.5
  resolution: "follow-redirects@npm:1.15.5"
  peerDependenciesMeta:
    debug:
      optional: true
  checksum: 10c0/418d71688ceaf109dfd6f85f747a0c75de30afe43a294caa211def77f02ef19865b547dfb73fde82b751e1cc507c06c754120b848fe5a7400b0a669766df7615
  languageName: node
  linkType: hard

"form-data@npm:^4.0.0":
  version: 4.0.0
  resolution: "form-data@npm:4.0.0"
  dependencies:
    asynckit: "npm:^0.4.0"
    combined-stream: "npm:^1.0.8"
    mime-types: "npm:^2.1.12"
  checksum: 10c0/cb6f3ac49180be03ff07ba3ff125f9eba2ff0b277fb33c7fc47569fc5e616882c5b1c69b9904c4c4187e97dd0419dd03b134174756f296dec62041e6527e2c6e
  languageName: node
  linkType: hard

"function-bind@npm:^1.1.2":
  version: 1.1.2
  resolution: "function-bind@npm:1.1.2"
  checksum: 10c0/d8680ee1e5fcd4c197e4ac33b2b4dce03c71f4d91717292785703db200f5c21f977c568d28061226f9b5900cbcd2c84463646134fd5337e7925e0942bc3f46d5
  languageName: node
  linkType: hard

"hasown@npm:^2.0.0":
  version: 2.0.1
  resolution: "hasown@npm:2.0.1"
  dependencies:
    function-bind: "npm:^1.1.2"
  checksum: 10c0/9e27e70e8e4204f4124c8f99950d1ba2b1f5174864fd39ff26da190f9ea6488c1b3927dcc64981c26d1f637a971783c9489d62c829d393ea509e6f1ba20370bb
  languageName: node
  linkType: hard

"is-core-module@npm:^2.13.0":
  version: 2.13.1
  resolution: "is-core-module@npm:2.13.1"
  dependencies:
    hasown: "npm:^2.0.0"
  checksum: 10c0/2cba9903aaa52718f11c4896dabc189bab980870aae86a62dc0d5cedb546896770ee946fb14c84b7adf0735f5eaea4277243f1b95f5cefa90054f92fbcac2518
  languageName: node
  linkType: hard

"lodash@npm:^4.17.21":
  version: 4.17.21
  resolution: "lodash@npm:4.17.21"
  checksum: 10c0/d8cbea072bb08655bb4c989da418994b073a608dffa608b09ac04b43a791b12aeae7cd7ad919aa4c925f33b48490b5cfe6c1f71d827956071dae2e7bb3a6b74c
  languageName: node
  linkType: hard

"mime-db@npm:1.52.0":
  version: 1.52.0
  resolution: "mime-db@npm:1.52.0"
  checksum: 10c0/0557a01deebf45ac5f5777fe7740b2a5c309c6d62d40ceab4e23da9f821899ce7a900b7ac8157d4548ddbb7beffe9abc621250e6d182b0397ec7f10c7b91a5aa
  languageName: node
  linkType: hard

"mime-types@npm:^2.1.12":
  version: 2.1.35
  resolution: "mime-types@npm:2.1.35"
  dependencies:
    mime-db: "npm:1.52.0"
  checksum: 10c0/82fb07ec56d8ff1fc999a84f2f217aa46cb6ed1033fefaabd5785b9a974ed225c90dc72fff460259e66b95b73648596dbcc50d51ed69cdf464af2d237d3149b2
  languageName: node
  linkType: hard

"path-parse@npm:^1.0.7":
  version: 1.0.7
  resolution: "path-parse@npm:1.0.7"
  checksum: 10c0/11ce261f9d294cc7a58d6a574b7f1b935842355ec66fba3c3fd79e0f036462eaf07d0aa95bb74ff432f9afef97ce1926c720988c6a7451d8a584930ae7de86e1
  languageName: node
  linkType: hard

"pify@npm:^2.3.0":
  version: 2.3.0
  resolution: "pify@npm:2.3.0"
  checksum: 10c0/551ff8ab830b1052633f59cb8adc9ae8407a436e06b4a9718bcb27dc5844b83d535c3a8512b388b6062af65a98c49bdc0dd523d8b2617b188f7c8fee457158dc
  languageName: node
  linkType: hard

"postcss-import@npm:^15.1.0":
  version: 15.1.0
  resolution: "postcss-import@npm:15.1.0"
  dependencies:
    postcss-value-parser: "npm:^4.0.0"
    read-cache: "npm:^1.0.0"
    resolve: "npm:^1.1.7"
  peerDependencies:
    postcss: ^8.0.0
  checksum: 10c0/518aee5c83ea6940e890b0be675a2588db68b2582319f48c3b4e06535a50ea6ee45f7e63e4309f8754473245c47a0372632378d1d73d901310f295a92f26f17b
  languageName: node
  linkType: hard

"postcss-value-parser@npm:^4.0.0":
  version: 4.2.0
  resolution: "postcss-value-parser@npm:4.2.0"
  checksum: 10c0/f4142a4f56565f77c1831168e04e3effd9ffcc5aebaf0f538eee4b2d465adfd4b85a44257bb48418202a63806a7da7fe9f56c330aebb3cac898e46b4cbf49161
  languageName: node
  linkType: hard

"proxy-from-env@npm:^1.1.0":
  version: 1.1.0
  resolution: "proxy-from-env@npm:1.1.0"
  checksum: 10c0/fe7dd8b1bdbbbea18d1459107729c3e4a2243ca870d26d34c2c1bcd3e4425b7bcc5112362df2d93cc7fb9746f6142b5e272fd1cc5c86ddf8580175186f6ad42b
  languageName: node
  linkType: hard

"read-cache@npm:^1.0.0":
  version: 1.0.0
  resolution: "read-cache@npm:1.0.0"
  dependencies:
    pify: "npm:^2.3.0"
  checksum: 10c0/90cb2750213c7dd7c80cb420654344a311fdec12944e81eb912cd82f1bc92aea21885fa6ce442e3336d9fccd663b8a7a19c46d9698e6ca55620848ab932da814
  languageName: node
  linkType: hard

"resolve@npm:^1.1.7":
  version: 1.22.8
  resolution: "resolve@npm:1.22.8"
  dependencies:
    is-core-module: "npm:^2.13.0"
    path-parse: "npm:^1.0.7"
    supports-preserve-symlinks-flag: "npm:^1.0.0"
  bin:
    resolve: bin/resolve
  checksum: 10c0/07e179f4375e1fd072cfb72ad66d78547f86e6196c4014b31cb0b8bb1db5f7ca871f922d08da0fbc05b94e9fd42206f819648fa3b5b873ebbc8e1dc68fec433a
  languageName: node
  linkType: hard

"resolve@patch:resolve@npm%3A^1.1.7#optional!builtin<compat/resolve>":
  version: 1.22.8
  resolution: "resolve@patch:resolve@npm%3A1.22.8#optional!builtin<compat/resolve>::version=1.22.8&hash=c3c19d"
  dependencies:
    is-core-module: "npm:^2.13.0"
    path-parse: "npm:^1.0.7"
    supports-preserve-symlinks-flag: "npm:^1.0.0"
  bin:
    resolve: bin/resolve
  checksum: 10c0/0446f024439cd2e50c6c8fa8ba77eaa8370b4180f401a96abf3d1ebc770ac51c1955e12764cde449fde3fff480a61f84388e3505ecdbab778f4bef5f8212c729
  languageName: node
  linkType: hard

"supports-preserve-symlinks-flag@npm:^1.0.0":
  version: 1.0.0
  resolution: "supports-preserve-symlinks-flag@npm:1.0.0"
  checksum: 10c0/6c4032340701a9950865f7ae8ef38578d8d7053f5e10518076e6554a9381fa91bd9c6850193695c141f32b21f979c985db07265a758867bac95de05f7d8aeb39
  languageName: node
  linkType: hard
